
Microsoft Visual Studio Solution File, Format Version 12.00
# Visual Studio Version 16
VisualStudioVersion = 16.0.808.3
MinimumVisualStudioVersion = 10.0.40219.1
Project("{FAE04EC0-301F-11D3-BF4B-00C04F79EFBC}") = "PARTIEL.RAEL.CALITRO.API", "PARTIEL.RAEL.CALITRO.API\PARTIEL.RAEL.CALITRO.API.csproj", "{4FDAABBB-6CA6-4A21-9B58-CF6EEC2CEFE1}"
EndProject
Project("{FAE04EC0-301F-11D3-BF4B-00C04F79EFBC}") = "PARTIEL.RAEL.CALITRO.API.DATA", "PARTIEL.RAEL.CALITRO.API.DATA\PARTIEL.RAEL.CALITRO.API.DATA.csproj", "{9EC4A992-D699-422F-A167-10260E9D5376}"
EndProject
Global
	GlobalSection(SolutionConfigurationPlatforms) = preSolution
		Debug|Any CPU = Debug|Any CPU
		Release|Any CPU = Release|Any CPU
	EndGlobalSection
	GlobalSection(ProjectConfigurationPlatforms) = postSolution
		{4FDAABBB-6CA6-4A21-9B58-CF6EEC2CEFE1}.Debug|Any CPU.ActiveCfg = Debug|Any CPU
		{4FDAABBB-6CA6-4A21-9B58-CF6EEC2CEFE1}.Debug|Any CPU.Build.0 = Debug|Any CPU
		{4FDAABBB-6CA6-4A21-9B58-CF6EEC2CEFE1}.Release|Any CPU.ActiveCfg = Release|Any CPU
		{4FDAABBB-6CA6-4A21-9B58-CF6EEC2CEFE1}.Release|Any CPU.Build.0 = Release|Any CPU
		{9EC4A992-D699-422F-A167-10260E9D5376}.Debug|Any CPU.ActiveCfg = Debug|Any CPU
		{9EC4A992-D699-422F-A167-10260E9D5376}.Debug|Any CPU.Build.0 = Debug|Any CPU
		{9EC4A992-D699-422F-A167-10260E9D5376}.Release|Any CPU.ActiveCfg = Release|Any CPU
		{9EC4A992-D699-422F-A167-10260E9D5376}.Release|Any CPU.Build.0 = Release|Any CPU
	EndGlobalSection
	GlobalSection(SolutionProperties) = preSolution
		HideSolutionNode = FALSE
	EndGlobalSection
	GlobalSection(ExtensibilityGlobals) = postSolution
		SolutionGuid = {03F58A33-3448-4609-ADF7-207F87170994}
	EndGlobalSection
EndGlobal
